// !$*UTF8*$!
{
	archiveVersion = 1;
	classes = {
	};
	objectVersion = 46;
	objects = {

/* Begin PBXBuildFile section */
		0309A0C41BDE032500177C93 /* AppDelegate.swift in Sources */ = {isa = PBXBuildFile; fileRef = 0309A0C31BDE032500177C93 /* AppDelegate.swift */; };
		0309A0C61BDE032500177C93 /* ViewController.swift in Sources */ = {isa = PBXBuildFile; fileRef = 0309A0C51BDE032500177C93 /* ViewController.swift */; };
		0309A0C91BDE032500177C93 /* Main.storyboard in Resources */ = {isa = PBXBuildFile; fileRef = 0309A0C71BDE032500177C93 /* Main.storyboard */; };
		0309A0CB1BDE032500177C93 /* Assets.xcassets in Resources */ = {isa = PBXBuildFile; fileRef = 0309A0CA1BDE032500177C93 /* Assets.xcassets */; };
		0309A0CE1BDE032500177C93 /* LaunchScreen.storyboard in Resources */ = {isa = PBXBuildFile; fileRef = 0309A0CC1BDE032500177C93 /* LaunchScreen.storyboard */; };
		0309A0D91BDE032500177C93 /* MailboxAppTests.swift in Sources */ = {isa = PBXBuildFile; fileRef = 0309A0D81BDE032500177C93 /* MailboxAppTests.swift */; };
		0309A0E41BDE032600177C93 /* MailboxAppUITests.swift in Sources */ = {isa = PBXBuildFile; fileRef = 0309A0E31BDE032600177C93 /* MailboxAppUITests.swift */; };
/* End PBXBuildFile section */

/* Begin PBXContainerItemProxy section */
		0309A0D51BDE032500177C93 /* PBXContainerItemProxy */ = {
			isa = PBXContainerItemProxy;
			containerPortal = 0309A0B81BDE032500177C93 /* Project object */;
			proxyType = 1;
			remoteGlobalIDString = 0309A0BF1BDE032500177C93;
			remoteInfo = MailboxApp;
		};
		0309A0E01BDE032600177C93 /* PBXContainerItemProxy */ = {
			isa = PBXContainerItemProxy;
			containerPortal = 0309A0B81BDE032500177C93 /* Project object */;
			proxyType = 1;
			remoteGlobalIDString = 0309A0BF1BDE032500177C93;
			remoteInfo = MailboxApp;
		};
/* End PBXContainerItemProxy section */

/* Begin PBXFileReference section */
		0309A0C01BDE032500177C93 /* MailboxApp.app */ = {isa = PBXFileReference; explicitFileType = wrapper.application; includeInIndex = 0; path = MailboxApp.app; sourceTree = BUILT_PRODUCTS_DIR; };
		0309A0C31BDE032500177C93 /* AppDelegate.swift */ = {isa = PBXFileReference; lastKnownFileType = sourcecode.swift; path = AppDelegate.swift; sourceTree = "<group>"; };
		0309A0C51BDE032500177C93 /* ViewController.swift */ = {isa = PBXFileReference; lastKnownFileType = sourcecode.swift; path = ViewController.swift; sourceTree = "<group>"; };
		0309A0C81BDE032500177C93 /* Base */ = {isa = PBXFileReference; lastKnownFileType = file.storyboard; name = Base; path = Base.lproj/Main.storyboard; sourceTree = "<group>"; };
		0309A0CA1BDE032500177C93 /* Assets.xcassets */ = {isa = PBXFileReference; lastKnownFileType = folder.assetcatalog; path = Assets.xcassets; sourceTree = "<group>"; };
		0309A0CD1BDE032500177C93 /* Base */ = {isa = PBXFileReference; lastKnownFileType = file.storyboard; name = Base; path = Base.lproj/LaunchScreen.storyboard; sourceTree = "<group>"; };
		0309A0CF1BDE032500177C93 /* Info.plist */ = {isa = PBXFileReference; lastKnownFileType = text.plist.xml; path = Info.plist; sourceTree = "<group>"; };
		0309A0D41BDE032500177C93 /* MailboxAppTests.xctest */ = {isa = PBXFileReference; explicitFileType = wrapper.cfbundle; includeInIndex = 0; path = MailboxAppTests.xctest; sourceTree = BUILT_PRODUCTS_DIR; };
		0309A0D81BDE032500177C93 /* MailboxAppTests.swift */ = {isa = PBXFileReference; lastKnownFileType = sourcecode.swift; path = MailboxAppTests.swift; sourceTree = "<group>"; };
		0309A0DA1BDE032500177C93 /* Info.plist */ = {isa = PBXFileReference; lastKnownFileType = text.plist.xml; path = Info.plist; sourceTree = "<group>"; };
		0309A0DF1BDE032600177C93 /* MailboxAppUITests.xctest */ = {isa = PBXFileReference; explicitFileType = wrapper.cfbundle; includeInIndex = 0; path = MailboxAppUITests.xctest; sourceTree = BUILT_PRODUCTS_DIR; };
		0309A0E31BDE032600177C93 /* MailboxAppUITests.swift */ = {isa = PBXFileReference; lastKnownFileType = sourcecode.swift; path = MailboxAppUITests.swift; sourceTree = "<group>"; };
		0309A0E51BDE032600177C93 /* Info.plist */ = {isa = PBXFileReference; lastKnownFileType = text.plist.xml; path = Info.plist; sourceTree = "<group>"; };
/* End PBXFileReference section */

/* Begin PBXFrameworksBuildPhase section */
		0309A0BD1BDE032500177C93 /* Frameworks */ = {
			isa = PBXFrameworksBuildPhase;
			buildActionMask = 2147483647;
			files = (
			);
			runOnlyForDeploymentPostprocessing = 0;
		};
		0309A0D11BDE032500177C93 /* Frameworks */ = {
			isa = PBXFrameworksBuildPhase;
			buildActionMask = 2147483647;
			files = (
			);
			runOnlyForDeploymentPostprocessing = 0;
		};
		0309A0DC1BDE032600177C93 /* Frameworks */ = {
			isa = PBXFrameworksBuildPhase;
			buildActionMask = 2147483647;
			files = (
			);
			runOnlyForDeploymentPostprocessing = 0;
		};
/* End PBXFrameworksBuildPhase section */

/* Begin PBXGroup section */
		0309A0B71BDE032500177C93 = {
			isa = PBXGroup;
			children = (
				0309A0C21BDE032500177C93 /* MailboxApp */,
				0309A0D71BDE032500177C93 /* MailboxAppTests */,
				0309A0E21BDE032600177C93 /* MailboxAppUITests */,
				0309A0C11BDE032500177C93 /* Products */,
			);
			sourceTree = "<group>";
		};
		0309A0C11BDE032500177C93 /* Products */ = {
			isa = PBXGroup;
			children = (
				0309A0C01BDE032500177C93 /* MailboxApp.app */,
				0309A0D41BDE032500177C93 /* MailboxAppTests.xctest */,
				0309A0DF1BDE032600177C93 /* MailboxAppUITests.xctest */,
			);
			name = Products;
			sourceTree = "<group>";
		};
		0309A0C21BDE032500177C93 /* MailboxApp */ = {
			isa = PBXGroup;
			children = (
				0309A0C31BDE032500177C93 /* AppDelegate.swift */,
				0309A0C51BDE032500177C93 /* ViewController.swift */,
				0309A0C71BDE032500177C93 /* Main.storyboard */,
				0309A0CA1BDE032500177C93 /* Assets.xcassets */,
				0309A0CC1BDE032500177C93 /* LaunchScreen.storyboard */,
				0309A0CF1BDE032500177C93 /* Info.plist */,
			);
			path = MailboxApp;
			sourceTree = "<group>";
		};
		0309A0D71BDE032500177C93 /* MailboxAppTests */ = {
			isa = PBXGroup;
			children = (
				0309A0D81BDE032500177C93 /* MailboxAppTests.swift */,
				0309A0DA1BDE032500177C93 /* Info.plist */,
			);
			path = MailboxAppTests;
			sourceTree = "<group>";
		};
		0309A0E21BDE032600177C93 /* MailboxAppUITests */ = {
			isa = PBXGroup;
			children = (
				0309A0E31BDE032600177C93 /* MailboxAppUITests.swift */,
				0309A0E51BDE032600177C93 /* Info.plist */,
			);
			path = MailboxAppUITests;
			sourceTree = "<group>";
		};
/* End PBXGroup section */

/* Begin PBXNativeTarget section */
		0309A0BF1BDE032500177C93 /* MailboxApp */ = {
			isa = PBXNativeTarget;
			buildConfigurationList = 0309A0E81BDE032600177C93 /* Build configuration list for PBXNativeTarget "MailboxApp" */;
			buildPhases = (
				0309A0BC1BDE032500177C93 /* Sources */,
				0309A0BD1BDE032500177C93 /* Frameworks */,
				0309A0BE1BDE032500177C93 /* Resources */,
			);
			buildRules = (
			);
			dependencies = (
			);
			name = MailboxApp;
			productName = MailboxApp;
			productReference = 0309A0C01BDE032500177C93 /* MailboxApp.app */;
			productType = "com.apple.product-type.application";
		};
		0309A0D31BDE032500177C93 /* MailboxAppTests */ = {
			isa = PBXNativeTarget;
			buildConfigurationList = 0309A0EB1BDE032600177C93 /* Build configuration list for PBXNativeTarget "MailboxAppTests" */;
			buildPhases = (
				0309A0D01BDE032500177C93 /* Sources */,
				0309A0D11BDE032500177C93 /* Frameworks */,
				0309A0D21BDE032500177C93 /* Resources */,
			);
			buildRules = (
			);
			dependencies = (
				0309A0D61BDE032500177C93 /* PBXTargetDependency */,
			);
			name = MailboxAppTests;
			productName = MailboxAppTests;
			productReference = 0309A0D41BDE032500177C93 /* MailboxAppTests.xctest */;
			productType = "com.apple.product-type.bundle.unit-test";
		};
		0309A0DE1BDE032600177C93 /* MailboxAppUITests */ = {
			isa = PBXNativeTarget;
			buildConfigurationList = 0309A0EE1BDE032600177C93 /* Build configuration list for PBXNativeTarget "MailboxAppUITests" */;
			buildPhases = (
				0309A0DB1BDE032600177C93 /* Sources */,
				0309A0DC1BDE032600177C93 /* Frameworks */,
				0309A0DD1BDE032600177C93 /* Resources */,
			);
			buildRules = (
			);
			dependencies = (
				0309A0E11BDE032600177C93 /* PBXTargetDependency */,
			);
			name = MailboxAppUITests;
			productName = MailboxAppUITests;
			productReference = 0309A0DF1BDE032600177C93 /* MailboxAppUITests.xctest */;
			productType = "com.apple.product-type.bundle.ui-testing";
		};
/* End PBXNativeTarget section */

/* Begin PBXProject section */
		0309A0B81BDE032500177C93 /* Project object */ = {
			isa = PBXProject;
			attributes = {
				LastUpgradeCheck = 0700;
				ORGANIZATIONNAME = Veena;
				TargetAttributes = {
					0309A0BF1BDE032500177C93 = {
						CreatedOnToolsVersion = 7.0.1;
					};
					0309A0D31BDE032500177C93 = {
						CreatedOnToolsVersion = 7.0.1;
						TestTargetID = 0309A0BF1BDE032500177C93;
					};
					0309A0DE1BDE032600177C93 = {
						CreatedOnToolsVersion = 7.0.1;
						TestTargetID = 0309A0BF1BDE032500177C93;
					};
				};
			};
			buildConfigurationList = 0309A0BB1BDE032500177C93 /* Build configuration list for PBXProject "MailboxApp" */;
			compatibilityVersion = "Xcode 3.2";
			developmentRegion = English;
			hasScannedForEncodings = 0;
			knownRegions = (
				en,
				Base,
			);
			mainGroup = 0309A0B71BDE032500177C93;
			productRefGroup = 0309A0C11BDE032500177C93 /* Products */;
			projectDirPath = "";
			projectRoot = "";
			targets = (
				0309A0BF1BDE032500177C93 /* MailboxApp */,
				0309A0D31BDE032500177C93 /* MailboxAppTests */,
				0309A0DE1BDE032600177C93 /* MailboxAppUITests */,
			);
		};
/* End PBXProject section */

/* Begin PBXResourcesBuildPhase section */
		0309A0BE1BDE032500177C93 /* Resources */ = {
			isa = PBXResourcesBuildPhase;
			buildActionMask = 2147483647;
			files = (
				0309A0CE1BDE032500177C93 /* LaunchScreen.storyboard in Resources */,
				0309A0CB1BDE032500177C93 /* Assets.xcassets in Resources */,
				0309A0C91BDE032500177C93 /* Main.storyboard in Resources */,
			);
			runOnlyForDeploymentPostprocessing = 0;
		};
		0309A0D21BDE032500177C93 /* Resources */ = {
			isa = PBXResourcesBuildPhase;
			buildActionMask = 2147483647;
			files = (
			);
			runOnlyForDeploymentPostprocessing = 0;
		};
		0309A0DD1BDE032600177C93 /* Resources */ = {
			isa = PBXResourcesBuildPhase;
			buildActionMask = 2147483647;
			files = (
			);
			runOnlyForDeploymentPostprocessing = 0;
		};
/* End PBXResourcesBuildPhase section */

/* Begin PBXSourcesBuildPhase section */
		0309A0BC1BDE032500177C93 /* Sources */ = {
			isa = PBXSourcesBuildPhase;
			buildActionMask = 2147483647;
			files = (
				0309A0C61BDE032500177C93 /* ViewController.swift in Sources */,
				0309A0C41BDE032500177C93 /* AppDelegate.swift in Sources */,
			);
			runOnlyForDeploymentPostprocessing = 0;
		};
		0309A0D01BDE032500177C93 /* Sources */ = {
			isa = PBXSourcesBuildPhase;
			buildActionMask = 2147483647;
			files = (
				0309A0D91BDE032500177C93 /* MailboxAppTests.swift in Sources */,
			);
			runOnlyForDeploymentPostprocessing = 0;
		};
		0309A0DB1BDE032600177C93 /* Sources */ = {
			isa = PBXSourcesBuildPhase;
			buildActionMask = 2147483647;
			files = (
				0309A0E41BDE032600177C93 /* MailboxAppUITests.swift in Sources */,
			);
			runOnlyForDeploymentPostprocessing = 0;
		};
/* End PBXSourcesBuildPhase section */

/* Begin PBXTargetDependency section */
		0309A0D61BDE032500177C93 /* PBXTargetDependency */ = {
			isa = PBXTargetDependency;
			target = 0309A0BF1BDE032500177C93 /* MailboxApp */;
			targetProxy = 0309A0D51BDE032500177C93 /* PBXContainerItemProxy */;
		};
		0309A0E11BDE032600177C93 /* PBXTargetDependency */ = {
			isa = PBXTargetDependency;
			target = 0309A0BF1BDE032500177C93 /* MailboxApp */;
			targetProxy = 0309A0E01BDE032600177C93 /* PBXContainerItemProxy */;
		};
/* End PBXTargetDependency section */

/* Begin PBXVariantGroup section */
		0309A0C71BDE032500177C93 /* Main.storyboard */ = {
			isa = PBXVariantGroup;
			children = (
				0309A0C81BDE032500177C93 /* Base */,
			);
			name = Main.storyboard;
			sourceTree = "<group>";
		};
		0309A0CC1BDE032500177C93 /* LaunchScreen.storyboard */ = {
			isa = PBXVariantGroup;
			children = (
				0309A0CD1BDE032500177C93 /* Base */,
			);
			name = LaunchScreen.storyboard;
			sourceTree = "<group>";
		};
/* End PBXVariantGroup section */

/* Begin XCBuildConfiguration section */
		0309A0E61BDE032600177C93 /* Debug */ = {
			isa = XCBuildConfiguration;
			buildSettings = {
				ALWAYS_SEARCH_USER_PATHS = NO;
				CLANG_CXX_LANGUAGE_STANDARD = "gnu++0x";
				CLANG_CXX_LIBRARY = "libc++";
				CLANG_ENABLE_MODULES = YES;
				CLANG_ENABLE_OBJC_ARC = YES;
				CLANG_WARN_BOOL_CONVERSION = YES;
				CLANG_WARN_CONSTANT_CONVERSION = YES;
				CLANG_WARN_DIRECT_OBJC_ISA_USAGE = YES_ERROR;
				CLANG_WARN_EMPTY_BODY = YES;
				CLANG_WARN_ENUM_CONVERSION = YES;
				CLANG_WARN_INT_CONVERSION = YES;
				CLANG_WARN_OBJC_ROOT_CLASS = YES_ERROR;
				CLANG_WARN_UNREACHABLE_CODE = YES;
				CLANG_WARN__DUPLICATE_METHOD_MATCH = YES;
				"CODE_SIGN_IDENTITY[sdk=iphoneos*]" = "iPhone Developer";
				COPY_PHASE_STRIP = NO;
				DEBUG_INFORMATION_FORMAT = dwarf;
				ENABLE_STRICT_OBJC_MSGSEND = YES;
				ENABLE_TESTABILITY = YES;
				GCC_C_LANGUAGE_STANDARD = gnu99;
				GCC_DYNAMIC_NO_PIC = NO;
				GCC_NO_COMMON_BLOCKS = YES;
				GCC_OPTIMIZATION_LEVEL = 0;
				GCC_PREPROCESSOR_DEFINITIONS = (
					"DEBUG=1",
					"$(inherited)",
				);
				GCC_WARN_64_TO_32_BIT_CONVERSION = YES;
				GCC_WARN_ABOUT_RETURN_TYPE = YES_ERROR;
				GCC_WARN_UNDECLARED_SELECTOR = YES;
				GCC_WARN_UNINITIALIZED_AUTOS = YES_AGGRESSIVE;
				GCC_WARN_UNUSED_FUNCTION = YES;
				GCC_WARN_UNUSED_VARIABLE = YES;
				IPHONEOS_DEPLOYMENT_TARGET = 9.0;
				MTL_ENABLE_DEBUG_INFO = YES;
				ONLY_ACTIVE_ARCH = YES;
				SDKROOT = iphoneos;
				SWIFT_OPTIMIZATION_LEVEL = "-Onone";
			};
			name = Debug;
		};
		0309A0E71BDE032600177C93 /* Release */ = {
			isa = XCBuildConfiguration;
			buildSettings = {
				ALWAYS_SEARCH_USER_PATHS = NO;
				CLANG_CXX_LANGUAGE_STANDARD = "gnu++0x";
				CLANG_CXX_LIBRARY = "libc++";
				CLANG_ENABLE_MODULES = YES;
				CLANG_ENABLE_OBJC_ARC = YES;
				CLANG_WARN_BOOL_CONVERSION = YES;
				CLANG_WARN_CONSTANT_CONVERSION = YES;
				CLANG_WARN_DIRECT_OBJC_ISA_USAGE = YES_ERROR;
				CLANG_WARN_EMPTY_BODY = YES;
				CLANG_WARN_ENUM_CONVERSION = YES;
				CLANG_WARN_INT_CONVERSION = YES;
				CLANG_WARN_OBJC_ROOT_CLASS = YES_ERROR;
				CLANG_WARN_UNREACHABLE_CODE = YES;
				CLANG_WARN__DUPLICATE_METHOD_MATCH = YES;
				"CODE_SIGN_IDENTITY[sdk=iphoneos*]" = "iPhone Developer";
				COPY_PHASE_STRIP = NO;
				DEBUG_INFORMATION_FORMAT = "dwarf-with-dsym";
				ENABLE_NS_ASSERTIONS = NO;
				ENABLE_STRICT_OBJC_MSGSEND = YES;
				GCC_C_LANGUAGE_STANDARD = gnu99;
				GCC_NO_COMMON_BLOCKS = YES;
				GCC_WARN_64_TO_32_BIT_CONVERSION = YES;
				GCC_WARN_ABOUT_RETURN_TYPE = YES_ERROR;
				GCC_WARN_UNDECLARED_SELECTOR = YES;
				GCC_WARN_UNINITIALIZED_AUTOS = YES_AGGRESSIVE;
				GCC_WARN_UNUSED_FUNCTION = YES;
				GCC_WARN_UNUSED_VARIABLE = YES;
				IPHONEOS_DEPLOYMENT_TARGET = 9.0;
				MTL_ENABLE_DEBUG_INFO = NO;
				SDKROOT = iphoneos;
				VALIDATE_PRODUCT = YES;
			};
			name = Release;
		};
		0309A0E91BDE032600177C93 /* Debug */ = {
			isa = XCBuildConfiguration;
			buildSettings = {
				ASSETCATALOG_COMPILER_APPICON_NAME = AppIcon;
				INFOPLIST_FILE = MailboxApp/Info.plist;
				LD_RUNPATH_SEARCH_PATHS = "$(inherited) @executable_path/Frameworks";
				PRODUCT_BUNDLE_IDENTIFIER = iOSTraining.MailboxApp;
				PRODUCT_NAME = "$(TARGET_NAME)";
			};
			name = Debug;
		};
		0309A0EA1BDE032600177C93 /* Release */ = {
			isa = XCBuildConfiguration;
			buildSettings = {
				ASSETCATALOG_COMPILER_APPICON_NAME = AppIcon;
				INFOPLIST_FILE = MailboxApp/Info.plist;
				LD_RUNPATH_SEARCH_PATHS = "$(inherited) @executable_path/Frameworks";
				PRODUCT_BUNDLE_IDENTIFIER = iOSTraining.MailboxApp;
				PRODUCT_NAME = "$(TARGET_NAME)";
			};
			name = Release;
		};
		0309A0EC1BDE032600177C93 /* Debug */ = {
			isa = XCBuildConfiguration;
			buildSettings = {
				BUNDLE_LOADER = "$(TEST_HOST)";
				INFOPLIST_FILE = MailboxAppTests/Info.plist;
				LD_RUNPATH_SEARCH_PATHS = "$(inherited) @executable_path/Frameworks @loader_path/Frameworks";
				PRODUCT_BUNDLE_IDENTIFIER = iOSTraining.MailboxAppTests;
				PRODUCT_NAME = "$(TARGET_NAME)";
				TEST_HOST = "$(BUILT_PRODUCTS_DIR)/MailboxApp.app/MailboxApp";
			};
			name = Debug;
		};
		0309A0ED1BDE032600177C93 /* Release */ = {
			isa = XCBuildConfiguration;
			buildSettings = {
				BUNDLE_LOADER = "$(TEST_HOST)";
				INFOPLIST_FILE = MailboxAppTests/Info.plist;
				LD_RUNPATH_SEARCH_PATHS = "$(inherited) @executable_path/Frameworks @loader_path/Frameworks";
				PRODUCT_BUNDLE_IDENTIFIER = iOSTraining.MailboxAppTests;
				PRODUCT_NAME = "$(TARGET_NAME)";
				TEST_HOST = "$(BUILT_PRODUCTS_DIR)/MailboxApp.app/MailboxApp";
			};
			name = Release;
		};
		0309A0EF1BDE032600177C93 /* Debug */ = {
			isa = XCBuildConfiguration;
			buildSettings = {
				INFOPLIST_FILE = MailboxAppUITests/Info.plist;
				LD_RUNPATH_SEARCH_PATHS = "$(inherited) @executable_path/Frameworks @loader_path/Frameworks";
				PRODUCT_BUNDLE_IDENTIFIER = iOSTraining.MailboxAppUITests;
				PRODUCT_NAME = "$(TARGET_NAME)";
				TEST_TARGET_NAME = MailboxApp;
				USES_XCTRUNNER = YES;
			};
			name = Debug;
		};
		0309A0F01BDE032600177C93 /* Release */ = {
			isa = XCBuildConfiguration;
			buildSettings = {
				INFOPLIST_FILE = MailboxAppUITests/Info.plist;
				LD_RUNPATH_SEARCH_PATHS = "$(inherited) @executable_path/Frameworks @loader_path/Frameworks";
				PRODUCT_BUNDLE_IDENTIFIER = iOSTraining.MailboxAppUITests;
				PRODUCT_NAME = "$(TARGET_NAME)";
				TEST_TARGET_NAME = MailboxApp;
				USES_XCTRUNNER = YES;
			};
			name = Release;
		};
/* End XCBuildConfiguration section */

/* Begin XCConfigurationList section */
		0309A0BB1BDE032500177C93 /* Build configuration list for PBXProject "MailboxApp" */ = {
			isa = XCConfigurationList;
			buildConfigurations = (
				0309A0E61BDE032600177C93 /* Debug */,
				0309A0E71BDE032600177C93 /* Release */,
			);
			defaultConfigurationIsVisible = 0;
			defaultConfigurationName = Release;
		};
		0309A0E81BDE032600177C93 /* Build configuration list for PBXNativeTarget "MailboxApp" */ = {
			isa = XCConfigurationList;
			buildConfigurations = (
				0309A0E91BDE032600177C93 /* Debug */,
				0309A0EA1BDE032600177C93 /* Release */,
			);
			defaultConfigurationIsVisible = 0;
		};
		0309A0EB1BDE032600177C93 /* Build configuration list for PBXNativeTarget "MailboxAppTests" */ = {
			isa = XCConfigurationList;
			buildConfigurations = (
				0309A0EC1BDE032600177C93 /* Debug */,
				0309A0ED1BDE032600177C93 /* Release */,
			);
			defaultConfigurationIsVisible = 0;
		};
		0309A0EE1BDE032600177C93 /* Build configuration list for PBXNativeTarget "MailboxAppUITests" */ = {
			isa = XCConfigurationList;
			buildConfigurations = (
				0309A0EF1BDE032600177C93 /* Debug */,
				0309A0F01BDE032600177C93 /* Release */,
			);
			defaultConfigurationIsVisible = 0;
		};
/* End XCConfigurationList section */
	};
	rootObject = 0309A0B81BDE032500177C93 /* Project object */;
}
